
Microsoft Visual Studio Solution File, Format Version 12.00
# Visual Studio Version 17
VisualStudioVersion = 17.1.32319.34
MinimumVisualStudioVersion = 10.0.40219.1
Project("{FAE04EC0-301F-11D3-BF4B-00C04F79EFBC}") = "GenshinTool", "GenshinTool.csproj", "{886C1C5F-831F-40C4-9C85-CFFFCAB58F5D}"
EndProject
Project("{2150E333-8FDC-42A3-9474-1A3956D46DE8}") = "Api", "Api", "{B18A809D-2728-4A8B-86B3-0BA8CE9E7E3C}"
EndProject
Project("{2150E333-8FDC-42A3-9474-1A3956D46DE8}") = "Infrastructure", "Infrastructure", "{46DD5C80-AC93-4F82-8FF3-A6331DE7557B}"
EndProject
Project("{2150E333-8FDC-42A3-9474-1A3956D46DE8}") = "Service", "Service", "{DF2E4399-92A5-48A5-8424-B2891ACC14D0}"
EndProject
Project("{2150E333-8FDC-42A3-9474-1A3956D46DE8}") = "Test", "Test", "{D53E214E-7BF4-47F9-B37F-183E78CF3FE1}"
EndProject
Project("{FAE04EC0-301F-11D3-BF4B-00C04F79EFBC}") = "GenshinTool.Application", "..\GenshinTool.Application\GenshinTool.Application.csproj", "{63FDC533-70C7-4191-8166-438F917A94DE}"
EndProject
Project("{FAE04EC0-301F-11D3-BF4B-00C04F79EFBC}") = "GenshinTool.Application.Domain", "..\GenshinTool.Application.Domain\GenshinTool.Application.Domain.csproj", "{05AAD635-05F9-46D8-95B8-22FA8F1EF576}"
EndProject
Project("{FAE04EC0-301F-11D3-BF4B-00C04F79EFBC}") = "GenshinTool.Application.Interface", "..\GenshinTool.Application.Interface\GenshinTool.Application.Interface.csproj", "{AB80CC10-F564-4E19-9D2D-F953471A49E6}"
EndProject
Global
	GlobalSection(SolutionConfigurationPlatforms) = preSolution
		Debug|Any CPU = Debug|Any CPU
		Release|Any CPU = Release|Any CPU
	EndGlobalSection
	GlobalSection(ProjectConfigurationPlatforms) = postSolution
		{886C1C5F-831F-40C4-9C85-CFFFCAB58F5D}.Debug|Any CPU.ActiveCfg = Debug|Any CPU
		{886C1C5F-831F-40C4-9C85-CFFFCAB58F5D}.Debug|Any CPU.Build.0 = Debug|Any CPU
		{886C1C5F-831F-40C4-9C85-CFFFCAB58F5D}.Release|Any CPU.ActiveCfg = Release|Any CPU
		{886C1C5F-831F-40C4-9C85-CFFFCAB58F5D}.Release|Any CPU.Build.0 = Release|Any CPU
		{63FDC533-70C7-4191-8166-438F917A94DE}.Debug|Any CPU.ActiveCfg = Debug|Any CPU
		{63FDC533-70C7-4191-8166-438F917A94DE}.Debug|Any CPU.Build.0 = Debug|Any CPU
		{63FDC533-70C7-4191-8166-438F917A94DE}.Release|Any CPU.ActiveCfg = Release|Any CPU
		{63FDC533-70C7-4191-8166-438F917A94DE}.Release|Any CPU.Build.0 = Release|Any CPU
		{05AAD635-05F9-46D8-95B8-22FA8F1EF576}.Debug|Any CPU.ActiveCfg = Debug|Any CPU
		{05AAD635-05F9-46D8-95B8-22FA8F1EF576}.Debug|Any CPU.Build.0 = Debug|Any CPU
		{05AAD635-05F9-46D8-95B8-22FA8F1EF576}.Release|Any CPU.ActiveCfg = Release|Any CPU
		{05AAD635-05F9-46D8-95B8-22FA8F1EF576}.Release|Any CPU.Build.0 = Release|Any CPU
		{AB80CC10-F564-4E19-9D2D-F953471A49E6}.Debug|Any CPU.ActiveCfg = Debug|Any CPU
		{AB80CC10-F564-4E19-9D2D-F953471A49E6}.Debug|Any CPU.Build.0 = Debug|Any CPU
		{AB80CC10-F564-4E19-9D2D-F953471A49E6}.Release|Any CPU.ActiveCfg = Release|Any CPU
		{AB80CC10-F564-4E19-9D2D-F953471A49E6}.Release|Any CPU.Build.0 = Release|Any CPU
	EndGlobalSection
	GlobalSection(SolutionProperties) = preSolution
		HideSolutionNode = FALSE
	EndGlobalSection
	GlobalSection(NestedProjects) = preSolution
		{886C1C5F-831F-40C4-9C85-CFFFCAB58F5D} = {B18A809D-2728-4A8B-86B3-0BA8CE9E7E3C}
		{63FDC533-70C7-4191-8166-438F917A94DE} = {DF2E4399-92A5-48A5-8424-B2891ACC14D0}
		{05AAD635-05F9-46D8-95B8-22FA8F1EF576} = {DF2E4399-92A5-48A5-8424-B2891ACC14D0}
		{AB80CC10-F564-4E19-9D2D-F953471A49E6} = {DF2E4399-92A5-48A5-8424-B2891ACC14D0}
	EndGlobalSection
	GlobalSection(ExtensibilityGlobals) = postSolution
		SolutionGuid = {8F1D3395-DCEC-4328-8500-B36E754CBC0A}
	EndGlobalSection
EndGlobal
